// !$*UTF8*$!
{
	archiveVersion = 1;
	classes = {
	};
	objectVersion = 46;
	objects = {

/* Begin PBXBuildFile section */
		10DE32D01C59C390007AC1D0 /* main.m in Sources */ = {isa = PBXBuildFile; fileRef = 10DE32CF1C59C390007AC1D0 /* main.m */; };
		10DE32D31C59C390007AC1D0 /* AppDelegate.m in Sources */ = {isa = PBXBuildFile; fileRef = 10DE32D21C59C390007AC1D0 /* AppDelegate.m */; };
		10DE32D91C59C390007AC1D0 /* Main.storyboard in Resources */ = {isa = PBXBuildFile; fileRef = 10DE32D71C59C390007AC1D0 /* Main.storyboard */; };
		10DE32DB1C59C390007AC1D0 /* Assets.xcassets in Resources */ = {isa = PBXBuildFile; fileRef = 10DE32DA1C59C390007AC1D0 /* Assets.xcassets */; };
		10DE32DE1C59C390007AC1D0 /* LaunchScreen.storyboard in Resources */ = {isa = PBXBuildFile; fileRef = 10DE32DC1C59C390007AC1D0 /* LaunchScreen.storyboard */; };
		10DE32E91C59C390007AC1D0 /* HymnLensTests.m in Sources */ = {isa = PBXBuildFile; fileRef = 10DE32E81C59C390007AC1D0 /* HymnLensTests.m */; };
		10DE32F41C59C390007AC1D0 /* HymnLensUITests.m in Sources */ = {isa = PBXBuildFile; fileRef = 10DE32F31C59C390007AC1D0 /* HymnLensUITests.m */; };
		10DE33031C59C561007AC1D0 /* HLTabBarController.m in Sources */ = {isa = PBXBuildFile; fileRef = 10DE33021C59C561007AC1D0 /* HLTabBarController.m */; };
		10DE33081C59CD8F007AC1D0 /* LinkViewController.m in Sources */ = {isa = PBXBuildFile; fileRef = 10DE33071C59CD8F007AC1D0 /* LinkViewController.m */; };
		10DE330E1C59CE7A007AC1D0 /* CommunityViewController.m in Sources */ = {isa = PBXBuildFile; fileRef = 10DE330D1C59CE7A007AC1D0 /* CommunityViewController.m */; };
		3B0516B21C5B65CA00AB369B /* OperateVC.m in Sources */ = {isa = PBXBuildFile; fileRef = 3B0516B11C5B65CA00AB369B /* OperateVC.m */; };
		3B0FF12B1C7AAAAE00141A2F /* share_cdcdcd.png in Resources */ = {isa = PBXBuildFile; fileRef = 3B0FF12A1C7AAAAE00141A2F /* share_cdcdcd.png */; };
		3B0FF12D1C7AAACA00141A2F /* share_bfbfbf.png in Resources */ = {isa = PBXBuildFile; fileRef = 3B0FF12C1C7AAACA00141A2F /* share_bfbfbf.png */; };
		3B0FF12F1C7AAAE700141A2F /* share_black.png in Resources */ = {isa = PBXBuildFile; fileRef = 3B0FF12E1C7AAAE700141A2F /* share_black.png */; };
		3B0FF1311C7AAAFC00141A2F /* community_black.png in Resources */ = {isa = PBXBuildFile; fileRef = 3B0FF1301C7AAAFC00141A2F /* community_black.png */; };
		3B0FF1331C7AAB0F00141A2F /* community_bfbfbf.png in Resources */ = {isa = PBXBuildFile; fileRef = 3B0FF1321C7AAB0F00141A2F /* community_bfbfbf.png */; };
		3B0FF1351C7AAB2100141A2F /* community_cdcdcd.png in Resources */ = {isa = PBXBuildFile; fileRef = 3B0FF1341C7AAB2100141A2F /* community_cdcdcd.png */; };
		3B0FF1371C7AAB3800141A2F /* wifi_black.png in Resources */ = {isa = PBXBuildFile; fileRef = 3B0FF1361C7AAB3800141A2F /* wifi_black.png */; };
		3B0FF1391C7AAB4E00141A2F /* wifi_bfbfbf.png in Resources */ = {isa = PBXBuildFile; fileRef = 3B0FF1381C7AAB4E00141A2F /* wifi_bfbfbf.png */; };
		3B0FF13B1C7AAB6100141A2F /* wifi_cdcdcd.png in Resources */ = {isa = PBXBuildFile; fileRef = 3B0FF13A1C7AAB6100141A2F /* wifi_cdcdcd.png */; };
		3B0FF13D1C7AAB7900141A2F /* shipin_black.png in Resources */ = {isa = PBXBuildFile; fileRef = 3B0FF13C1C7AAB7900141A2F /* shipin_black.png */; };
		3B0FF13F1C7AAB8700141A2F /* shipin_bfbfbf.png in Resources */ = {isa = PBXBuildFile; fileRef = 3B0FF13E1C7AAB8700141A2F /* shipin_bfbfbf.png */; };
		3B0FF1411C7AAB9300141A2F /* shipin_cdcdcd.png in Resources */ = {isa = PBXBuildFile; fileRef = 3B0FF1401C7AAB9300141A2F /* shipin_cdcdcd.png */; };
		3B0FF1431C7AABB200141A2F /* movie_bfbfbf.png in Resources */ = {isa = PBXBuildFile; fileRef = 3B0FF1421C7AABB200141A2F /* movie_bfbfbf.png */; };
		3B0FF1451C7AABC800141A2F /* movie_black.png in Resources */ = {isa = PBXBuildFile; fileRef = 3B0FF1441C7AABC800141A2F /* movie_black.png */; };
		3B0FF1491C7AADF100141A2F /* shequhuati (3)@2x.png in Resources */ = {isa = PBXBuildFile; fileRef = 3B0FF1461C7AADF100141A2F /* shequhuati (3)@2x.png */; };
		3B0FF14A1C7AADF100141A2F /* shequhuati (1)@2x.png in Resources */ = {isa = PBXBuildFile; fileRef = 3B0FF1471C7AADF100141A2F /* shequhuati (1)@2x.png */; };
		3B0FF14B1C7AADF100141A2F /* shequhuati@2x.png in Resources */ = {isa = PBXBuildFile; fileRef = 3B0FF1481C7AADF100141A2F /* shequhuati@2x.png */; };
		3B0FF14F1C7AAF0E00141A2F /* wifi@2x.png in Resources */ = {isa = PBXBuildFile; fileRef = 3B0FF14E1C7AAF0E00141A2F /* wifi@2x.png */; };
		3B0FF1511C7AAFBC00141A2F /* media@2x.png in Resources */ = {isa = PBXBuildFile; fileRef = 3B0FF1501C7AAFBC00141A2F /* media@2x.png */; };
		3B0FF1581C7AB2D700141A2F /* dpad.png in Resources */ = {isa = PBXBuildFile; fileRef = 3B0FF1531C7AB2D700141A2F /* dpad.png */; };
		3B0FF1591C7AB2D700141A2F /* Joystick.m in Sources */ = {isa = PBXBuildFile; fileRef = 3B0FF1551C7AB2D700141A2F /* Joystick.m */; };
		3B0FF15A1C7AB2D700141A2F /* joystick.png in Resources */ = {isa = PBXBuildFile; fileRef = 3B0FF1561C7AB2D700141A2F /* joystick.png */; };
		3B0FF15B1C7AB2D700141A2F /* README.md in Sources */ = {isa = PBXBuildFile; fileRef = 3B0FF1571C7AB2D700141A2F /* README.md */; };
		3B0FF15E1C7AB6B900141A2F /* joystick_Scene.m in Sources */ = {isa = PBXBuildFile; fileRef = 3B0FF15D1C7AB6B900141A2F /* joystick_Scene.m */; };
		3B0FF1621C7ACEC700141A2F /* controlModel.m in Sources */ = {isa = PBXBuildFile; fileRef = 3B0FF1611C7ACEC700141A2F /* controlModel.m */; };
		3B0FF1681C7B0DDC00141A2F /* VideoViewController.m in Sources */ = {isa = PBXBuildFile; fileRef = 3B0FF1661C7B0DDC00141A2F /* VideoViewController.m */; };
		3B0FF16B1C7B0DFB00141A2F /* HLMediaController.m in Sources */ = {isa = PBXBuildFile; fileRef = 3B0FF1691C7B0DFB00141A2F /* HLMediaController.m */; };
		3B0FF1701C7B0E2300141A2F /* videoListV.m in Sources */ = {isa = PBXBuildFile; fileRef = 3B0FF16D1C7B0E2300141A2F /* videoListV.m */; };
		3B0FF1711C7B0E2300141A2F /* videoV.m in Sources */ = {isa = PBXBuildFile; fileRef = 3B0FF16E1C7B0E2300141A2F /* videoV.m */; };
		3B0FF1731C7B124300141A2F /* angle.png in Resources */ = {isa = PBXBuildFile; fileRef = 3B0FF1721C7B124300141A2F /* angle.png */; };
		3B0FF1751C7B14B600141A2F /* pitch.png in Resources */ = {isa = PBXBuildFile; fileRef = 3B0FF1741C7B14B600141A2F /* pitch.png */; };
		3B1A1BC21C59E36D008E13AB /* opencv2.framework in Frameworks */ = {isa = PBXBuildFile; fileRef = 3B1A1BC11C59E36D008E13AB /* opencv2.framework */; };
		3B1A1BD31C5B0F8D008E13AB /* beginAnimationV.m in Sources */ = {isa = PBXBuildFile; fileRef = 3B1A1BD21C5B0F8D008E13AB /* beginAnimationV.m */; };
		3B1A1BE51C5B2F13008E13AB /* 512.png in Resources */ = {isa = PBXBuildFile; fileRef = 3B1A1BD61C5B2F13008E13AB /* 512.png */; };
		3B1A1BE61C5B2F13008E13AB /* photo_drone.png in Resources */ = {isa = PBXBuildFile; fileRef = 3B1A1BD71C5B2F13008E13AB /* photo_drone.png */; };
		3B1A1BE71C5B2F13008E13AB /* air_turbine-512.png in Resources */ = {isa = PBXBuildFile; fileRef = 3B1A1BD81C5B2F13008E13AB /* air_turbine-512.png */; };
		3B1A1BE81C5B2F13008E13AB /* icon-quadcopter.png in Resources */ = {isa = PBXBuildFile; fileRef = 3B1A1BD91C5B2F13008E13AB /* icon-quadcopter.png */; };
		3B1A1BE91C5B2F13008E13AB /* unload_drone-512.png in Resources */ = {isa = PBXBuildFile; fileRef = 3B1A1BDA1C5B2F13008E13AB /* unload_drone-512.png */; };
		3B1A1BEA1C5B2F13008E13AB /* rect1.png in Resources */ = {isa = PBXBuildFile; fileRef = 3B1A1BDB1C5B2F13008E13AB /* rect1.png */; };
		3B1A1BEB1C5B2F13008E13AB /* 13111-200 (1).png in Resources */ = {isa = PBXBuildFile; fileRef = 3B1A1BDC1C5B2F13008E13AB /* 13111-200 (1).png */; };
		3B1A1BEC1C5B2F13008E13AB /* 512 (1).png in Resources */ = {isa = PBXBuildFile; fileRef = 3B1A1BDD1C5B2F13008E13AB /* 512 (1).png */; };
		3B1A1BED1C5B2F13008E13AB /* triangle1.png in Resources */ = {isa = PBXBuildFile; fileRef = 3B1A1BDE1C5B2F13008E13AB /* triangle1.png */; };
		3B1A1BEE1C5B2F13008E13AB /* f1c7583b162713b78f40f1a0bb5a5aef7bb724e2_original.png in Resources */ = {isa = PBXBuildFile; fileRef = 3B1A1BDF1C5B2F13008E13AB /* f1c7583b162713b78f40f1a0bb5a5aef7bb724e2_original.png */; };
		3B1A1BEF1C5B2F13008E13AB /* radio_spy_drone-512.png in Resources */ = {isa = PBXBuildFile; fileRef = 3B1A1BE01C5B2F13008E13AB /* radio_spy_drone-512.png */; };
		3B1A1BF01C5B2F13008E13AB /* 30708-200.png in Resources */ = {isa = PBXBuildFile; fileRef = 3B1A1BE11C5B2F13008E13AB /* 30708-200.png */; };
		3B1A1BF11C5B2F13008E13AB /* 38911396-Quadcopter-side-view-simple-icon-on-white-background--Stock-Vector.jpg in Resources */ = {isa = PBXBuildFile; fileRef = 3B1A1BE21C5B2F13008E13AB /* 38911396-Quadcopter-side-view-simple-icon-on-white-background--Stock-Vector.jpg */; };
		3B1A1BF21C5B2F13008E13AB /* 30708-84.png in Resources */ = {isa = PBXBuildFile; fileRef = 3B1A1BE31C5B2F13008E13AB /* 30708-84.png */; };
		3B1A1BF31C5B2F13008E13AB /* 38946819-Quadcopter-drone-simple-icon-on-white-background--Stock-Vector.jpg in Resources */ = {isa = PBXBuildFile; fileRef = 3B1A1BE41C5B2F13008E13AB /* 38946819-Quadcopter-drone-simple-icon-on-white-background--Stock-Vector.jpg */; };
		3B1A1BF61C5B2F8A008E13AB /* ZYTshapeLayer.m in Sources */ = {isa = PBXBuildFile; fileRef = 3B1A1BF51C5B2F8A008E13AB /* ZYTshapeLayer.m */; };
		3B1A1BF81C5B41B4008E13AB /* rect2.png in Resources */ = {isa = PBXBuildFile; fileRef = 3B1A1BF71C5B41B4008E13AB /* rect2.png */; };
		3B4571441C5B92F200586FE8 /* mediaWebV.m in Sources */ = {isa = PBXBuildFile; fileRef = 3B4571431C5B92F200586FE8 /* mediaWebV.m */; };
		3B5DD2FB1C79500A00F03E98 /* head_BG.jpg in Resources */ = {isa = PBXBuildFile; fileRef = 3B5DD2FA1C79500A00F03E98 /* head_BG.jpg */; };
		3B5DD2FE1C79678900F03E98 /* signUpViewController.m in Sources */ = {isa = PBXBuildFile; fileRef = 3B5DD2FC1C79678900F03E98 /* signUpViewController.m */; };
		3B5DD3011C7967A000F03E98 /* UIView+FlipTransition.m in Sources */ = {isa = PBXBuildFile; fileRef = 3B5DD2FF1C7967A000F03E98 /* UIView+FlipTransition.m */; };
		3B5DD3041C7967D100F03E98 /* loginView.m in Sources */ = {isa = PBXBuildFile; fileRef = 3B5DD3021C7967D100F03E98 /* loginView.m */; };
		3B5DD3061C79699200F03E98 /* loginBackground.jpg in Resources */ = {isa = PBXBuildFile; fileRef = 3B5DD3051C79699200F03E98 /* loginBackground.jpg */; };
		3B5DD3081C7992CB00F03E98 /* 172699.png in Resources */ = {isa = PBXBuildFile; fileRef = 3B5DD3071C7992CB00F03E98 /* 172699.png */; };
		3B5DD30A1C799BFF00F03E98 /* rectwhite.png in Resources */ = {isa = PBXBuildFile; fileRef = 3B5DD3091C799BFF00F03E98 /* rectwhite.png */; };
		3B710DB11C6B1FC7005F4ABC /* tabbar_connect.png in Resources */ = {isa = PBXBuildFile; fileRef = 3B710DB01C6B1FC7005F4ABC /* tabbar_connect.png */; };
		3B710DBB1C6C600C005F4ABC /* batteryhalf.png in Resources */ = {isa = PBXBuildFile; fileRef = 3B710DBA1C6C600C005F4ABC /* batteryhalf.png */; };
		3B710DBD1C6C6158005F4ABC /* roll.png in Resources */ = {isa = PBXBuildFile; fileRef = 3B710DBC1C6C6158005F4ABC /* roll.png */; };
		3B710DFB1C71801C005F4ABC /* launch_BG1.jpg in Resources */ = {isa = PBXBuildFile; fileRef = 3B710DFA1C71801C005F4ABC /* launch_BG1.jpg */; };
		3B710DFF1C72CBBF005F4ABC /* communityCell.m in Sources */ = {isa = PBXBuildFile; fileRef = 3B710DFE1C72CBBF005F4ABC /* communityCell.m */; };
		3B710E031C72D285005F4ABC /* CAShapeLayer+init.m in Sources */ = {isa = PBXBuildFile; fileRef = 3B710E021C72D285005F4ABC /* CAShapeLayer+init.m */; };
		3B710E051C72E9EC005F4ABC /* gentleman.png in Resources */ = {isa = PBXBuildFile; fileRef = 3B710E041C72E9EC005F4ABC /* gentleman.png */; };
		3B710E081C72FEBE005F4ABC /* communityDetailVC.m in Sources */ = {isa = PBXBuildFile; fileRef = 3B710E071C72FEBE005F4ABC /* communityDetailVC.m */; };
		3B710E0A1C747827005F4ABC /* launch_BG.jpg in Resources */ = {isa = PBXBuildFile; fileRef = 3B710E091C747827005F4ABC /* launch_BG.jpg */; };
		3B710E501C77568C005F4ABC /* CAShapeLayerConfigure.m in Sources */ = {isa = PBXBuildFile; fileRef = 3B710E481C77568C005F4ABC /* CAShapeLayerConfigure.m */; };
		3B710E511C77568C005F4ABC /* FBShimmeringLayer.m in Sources */ = {isa = PBXBuildFile; fileRef = 3B710E4B1C77568C005F4ABC /* FBShimmeringLayer.m */; };
		3B710E521C77568C005F4ABC /* FBShimmeringView.m in Sources */ = {isa = PBXBuildFile; fileRef = 3B710E4D1C77568C005F4ABC /* FBShimmeringView.m */; };
		3B710E531C77568C005F4ABC /* StrokeCircleLayerConfigure.m in Sources */ = {isa = PBXBuildFile; fileRef = 3B710E4F1C77568C005F4ABC /* StrokeCircleLayerConfigure.m */; };
		3BE949621C782FF100064D89 /* adminCell.m in Sources */ = {isa = PBXBuildFile; fileRef = 3BE949611C782FF100064D89 /* adminCell.m */; };
		3BE949661C7839B600064D89 /* PressAnimationButton.m in Sources */ = {isa = PBXBuildFile; fileRef = 3BE949651C7839B600064D89 /* PressAnimationButton.m */; };
		E838F6F60AE48D2CB78975F8 /* Pods.framework in Frameworks */ = {isa = PBXBuildFile; fileRef = A04AC12B1D0B8F277EDEBB28 /* Pods.framework */; settings = {ATTRIBUTES = (Weak, ); }; };
/* End PBXBuildFile section */

/* Begin PBXContainerItemProxy section */
		10DE32E51C59C390007AC1D0 /* PBXContainerItemProxy */ = {
			isa = PBXContainerItemProxy;
			containerPortal = 10DE32C31C59C390007AC1D0 /* Project object */;
			proxyType = 1;
			remoteGlobalIDString = 10DE32CA1C59C390007AC1D0;
			remoteInfo = HymnLens;
		};
		10DE32F01C59C390007AC1D0 /* PBXContainerItemProxy */ = {
			isa = PBXContainerItemProxy;
			containerPortal = 10DE32C31C59C390007AC1D0 /* Project object */;
			proxyType = 1;
			remoteGlobalIDString = 10DE32CA1C59C390007AC1D0;
			remoteInfo = HymnLens;
		};
/* End PBXContainerItemProxy section */

/* Begin PBXFileReference section */
		0E8E66D8EB63BAB8E7746F84 /* Pods.release.xcconfig */ = {isa = PBXFileReference; includeInIndex = 1; lastKnownFileType = text.xcconfig; name = Pods.release.xcconfig; path = "Pods/Target Support Files/Pods/Pods.release.xcconfig"; sourceTree = "<group>"; };
		10DE32CB1C59C390007AC1D0 /* HymnLens.app */ = {isa = PBXFileReference; explicitFileType = wrapper.application; includeInIndex = 0; path = HymnLens.app; sourceTree = BUILT_PRODUCTS_DIR; };
		10DE32CF1C59C390007AC1D0 /* main.m */ = {isa = PBXFileReference; lastKnownFileType = sourcecode.c.objc; path = main.m; sourceTree = "<group>"; };
		10DE32D11C59C390007AC1D0 /* AppDelegate.h */ = {isa = PBXFileReference; lastKnownFileType = sourcecode.c.h; path = AppDelegate.h; sourceTree = "<group>"; };
		10DE32D21C59C390007AC1D0 /* AppDelegate.m */ = {isa = PBXFileReference; lastKnownFileType = sourcecode.c.objc; path = AppDelegate.m; sourceTree = "<group>"; };
		10DE32D81C59C390007AC1D0 /* Base */ = {isa = PBXFileReference; lastKnownFileType = file.storyboard; name = Base; path = Base.lproj/Main.storyboard; sourceTree = "<group>"; };
		10DE32DA1C59C390007AC1D0 /* Assets.xcassets */ = {isa = PBXFileReference; lastKnownFileType = folder.assetcatalog; path = Assets.xcassets; sourceTree = "<group>"; };
		10DE32DD1C59C390007AC1D0 /* Base */ = {isa = PBXFileReference; lastKnownFileType = file.storyboard; name = Base; path = Base.lproj/LaunchScreen.storyboard; sourceTree = "<group>"; };
		10DE32DF1C59C390007AC1D0 /* Info.plist */ = {isa = PBXFileReference; lastKnownFileType = text.plist.xml; path = Info.plist; sourceTree = "<group>"; };
		10DE32E41C59C390007AC1D0 /* HymnLensTests.xctest */ = {isa = PBXFileReference; explicitFileType = wrapper.cfbundle; includeInIndex = 0; path = HymnLensTests.xctest; sourceTree = BUILT_PRODUCTS_DIR; };
		10DE32E81C59C390007AC1D0 /* HymnLensTests.m */ = {isa = PBXFileReference; lastKnownFileType = sourcecode.c.objc; path = HymnLensTests.m; sourceTree = "<group>"; };
		10DE32EA1C59C390007AC1D0 /* Info.plist */ = {isa = PBXFileReference; lastKnownFileType = text.plist.xml; path = Info.plist; sourceTree = "<group>"; };
		10DE32EF1C59C390007AC1D0 /* HymnLensUITests.xctest */ = {isa = PBXFileReference; explicitFileType = wrapper.cfbundle; includeInIndex = 0; path = HymnLensUITests.xctest; sourceTree = BUILT_PRODUCTS_DIR; };
		10DE32F31C59C390007AC1D0 /* HymnLensUITests.m */ = {isa = PBXFileReference; lastKnownFileType = sourcecode.c.objc; path = HymnLensUITests.m; sourceTree = "<group>"; };
		10DE32F51C59C390007AC1D0 /* Info.plist */ = {isa = PBXFileReference; lastKnownFileType = text.plist.xml; path = Info.plist; sourceTree = "<group>"; };
		10DE33011C59C561007AC1D0 /* HLTabBarController.h */ = {isa = PBXFileReference; fileEncoding = 4; lastKnownFileType = sourcecode.c.h; name = HLTabBarController.h; path = HymnLens/HLTabBarController.h; sourceTree = "<group>"; };
		10DE33021C59C561007AC1D0 /* HLTabBarController.m */ = {isa = PBXFileReference; fileEncoding = 4; lastKnownFileType = sourcecode.c.objc; name = HLTabBarController.m; path = HymnLens/HLTabBarController.m; sourceTree = "<group>"; };
		10DE33061C59CD8F007AC1D0 /* LinkViewController.h */ = {isa = PBXFileReference; fileEncoding = 4; lastKnownFileType = sourcecode.c.h; name = LinkViewController.h; path = HymnLens/LinkViewController.h; sourceTree = "<group>"; };
		10DE33071C59CD8F007AC1D0 /* LinkViewController.m */ = {isa = PBXFileReference; fileEncoding = 4; lastKnownFileType = sourcecode.c.objc; name = LinkViewController.m; path = HymnLens/LinkViewController.m; sourceTree = "<group>"; };
		10DE330C1C59CE7A007AC1D0 /* CommunityViewController.h */ = {isa = PBXFileReference; fileEncoding = 4; lastKnownFileType = sourcecode.c.h; name = CommunityViewController.h; path = HymnLens/CommunityViewController.h; sourceTree = "<group>"; };
		10DE330D1C59CE7A007AC1D0 /* CommunityViewController.m */ = {isa = PBXFileReference; fileEncoding = 4; lastKnownFileType = sourcecode.c.objc; name = CommunityViewController.m; path = HymnLens/CommunityViewController.m; sourceTree = "<group>"; };
		3B0516B01C5B65CA00AB369B /* OperateVC.h */ = {isa = PBXFileReference; fileEncoding = 4; lastKnownFileType = sourcecode.c.h; path = OperateVC.h; sourceTree = "<group>"; };
		3B0516B11C5B65CA00AB369B /* OperateVC.m */ = {isa = PBXFileReference; fileEncoding = 4; lastKnownFileType = sourcecode.c.objc; path = OperateVC.m; sourceTree = "<group>"; };
		3B0FF12A1C7AAAAE00141A2F /* share_cdcdcd.png */ = {isa = PBXFileReference; lastKnownFileType = image.png; path = share_cdcdcd.png; sourceTree = "<group>"; };
		3B0FF12C1C7AAACA00141A2F /* share_bfbfbf.png */ = {isa = PBXFileReference; lastKnownFileType = image.png; path = share_bfbfbf.png; sourceTree = "<group>"; };
		3B0FF12E1C7AAAE700141A2F /* share_black.png */ = {isa = PBXFileReference; lastKnownFileType = image.png; path = share_black.png; sourceTree = "<group>"; };
		3B0FF1301C7AAAFC00141A2F /* community_black.png */ = {isa = PBXFileReference; lastKnownFileType = image.png; path = community_black.png; sourceTree = "<group>"; };
		3B0FF1321C7AAB0F00141A2F /* community_bfbfbf.png */ = {isa = PBXFileReference; lastKnownFileType = image.png; path = community_bfbfbf.png; sourceTree = "<group>"; };
		3B0FF1341C7AAB2100141A2F /* community_cdcdcd.png */ = {isa = PBXFileReference; lastKnownFileType = image.png; path = community_cdcdcd.png; sourceTree = "<group>"; };
		3B0FF1361C7AAB3800141A2F /* wifi_black.png */ = {isa = PBXFileReference; lastKnownFileType = image.png; path = wifi_black.png; sourceTree = "<group>"; };
		3B0FF1381C7AAB4E00141A2F /* wifi_bfbfbf.png */ = {isa = PBXFileReference; lastKnownFileType = image.png; path = wifi_bfbfbf.png; sourceTree = "<group>"; };
		3B0FF13A1C7AAB6100141A2F /* wifi_cdcdcd.png */ = {isa = PBXFileReference; lastKnownFileType = image.png; path = wifi_cdcdcd.png; sourceTree = "<group>"; };
		3B0FF13C1C7AAB7900141A2F /* shipin_black.png */ = {isa = PBXFileReference; lastKnownFileType = image.png; path = shipin_black.png; sourceTree = "<group>"; };
		3B0FF13E1C7AAB8700141A2F /* shipin_bfbfbf.png */ = {isa = PBXFileReference; lastKnownFileType = image.png; path = shipin_bfbfbf.png; sourceTree = "<group>"; };
		3B0FF1401C7AAB9300141A2F /* shipin_cdcdcd.png */ = {isa = PBXFileReference; lastKnownFileType = image.png; path = shipin_cdcdcd.png; sourceTree = "<group>"; };
		3B0FF1421C7AABB200141A2F /* movie_bfbfbf.png */ = {isa = PBXFileReference; lastKnownFileType = image.png; path = movie_bfbfbf.png; sourceTree = "<group>"; };
		3B0FF1441C7AABC800141A2F /* movie_black.png */ = {isa = PBXFileReference; lastKnownFileType = image.png; path = movie_black.png; sourceTree = "<group>"; };
		3B0FF1461C7AADF100141A2F /* shequhuati (3)@2x.png */ = {isa = PBXFileReference; lastKnownFileType = image.png; path = "shequhuati (3)@2x.png"; sourceTree = "<group>"; };
		3B0FF1471C7AADF100141A2F /* shequhuati (1)@2x.png */ = {isa = PBXFileReference; lastKnownFileType = image.png; path = "shequhuati (1)@2x.png"; sourceTree = "<group>"; };
		3B0FF1481C7AADF100141A2F /* shequhuati@2x.png */ = {isa = PBXFileReference; lastKnownFileType = image.png; path = "shequhuati@2x.png"; sourceTree = "<group>"; };
		3B0FF14E1C7AAF0E00141A2F /* wifi@2x.png */ = {isa = PBXFileReference; lastKnownFileType = image.png; path = "wifi@2x.png"; sourceTree = "<group>"; };
		3B0FF1501C7AAFBC00141A2F /* media@2x.png */ = {isa = PBXFileReference; lastKnownFileType = image.png; path = "media@2x.png"; sourceTree = "<group>"; };
		3B0FF1531C7AB2D700141A2F /* dpad.png */ = {isa = PBXFileReference; lastKnownFileType = image.png; path = dpad.png; sourceTree = "<group>"; };
		3B0FF1541C7AB2D700141A2F /* Joystick.h */ = {isa = PBXFileReference; fileEncoding = 4; lastKnownFileType = sourcecode.c.h; path = Joystick.h; sourceTree = "<group>"; };
		3B0FF1551C7AB2D700141A2F /* Joystick.m */ = {isa = PBXFileReference; fileEncoding = 4; lastKnownFileType = sourcecode.c.objc; path = Joystick.m; sourceTree = "<group>"; };
		3B0FF1561C7AB2D700141A2F /* joystick.png */ = {isa = PBXFileReference; lastKnownFileType = image.png; path = joystick.png; sourceTree = "<group>"; };
		3B0FF1571C7AB2D700141A2F /* README.md */ = {isa = PBXFileReference; fileEncoding = 4; lastKnownFileType = net.daringfireball.markdown; path = README.md; sourceTree = "<group>"; };
		3B0FF15C1C7AB6B900141A2F /* joystick_Scene.h */ = {isa = PBXFileReference; fileEncoding = 4; lastKnownFileType = sourcecode.c.h; path = joystick_Scene.h; sourceTree = "<group>"; };
		3B0FF15D1C7AB6B900141A2F /* joystick_Scene.m */ = {isa = PBXFileReference; fileEncoding = 4; lastKnownFileType = sourcecode.c.objc; path = joystick_Scene.m; sourceTree = "<group>"; };
		3B0FF1601C7ACEC700141A2F /* controlModel.h */ = {isa = PBXFileReference; fileEncoding = 4; lastKnownFileType = sourcecode.c.h; path = controlModel.h; sourceTree = "<group>"; };
		3B0FF1611C7ACEC700141A2F /* controlModel.m */ = {isa = PBXFileReference; fileEncoding = 4; lastKnownFileType = sourcecode.c.objc; path = controlModel.m; sourceTree = "<group>"; };
		3B0FF1661C7B0DDC00141A2F /* VideoViewController.m */ = {isa = PBXFileReference; fileEncoding = 4; lastKnownFileType = sourcecode.c.objc; path = VideoViewController.m; sourceTree = "<group>"; };
		3B0FF1671C7B0DDC00141A2F /* VideoViewController.h */ = {isa = PBXFileReference; fileEncoding = 4; lastKnownFileType = sourcecode.c.h; path = VideoViewController.h; sourceTree = "<group>"; };
		3B0FF1691C7B0DFB00141A2F /* HLMediaController.m */ = {isa = PBXFileReference; fileEncoding = 4; lastKnownFileType = sourcecode.c.objc; path = HLMediaController.m; sourceTree = "<group>"; };
		3B0FF16A1C7B0DFB00141A2F /* HLMediaController.h */ = {isa = PBXFileReference; fileEncoding = 4; lastKnownFileType = sourcecode.c.h; path = HLMediaController.h; sourceTree = "<group>"; };
		3B0FF16C1C7B0E2300141A2F /* videoListV.h */ = {isa = PBXFileReference; fileEncoding = 4; lastKnownFileType = sourcecode.c.h; path = videoListV.h; sourceTree = "<group>"; };
		3B0FF16D1C7B0E2300141A2F /* videoListV.m */ = {isa = PBXFileReference; fileEncoding = 4; lastKnownFileType = sourcecode.c.objc; path = videoListV.m; sourceTree = "<group>"; };
		3B0FF16E1C7B0E2300141A2F /* videoV.m */ = {isa = PBXFileReference; fileEncoding = 4; lastKnownFileType = sourcecode.c.objc; path = videoV.m; sourceTree = "<group>"; };
		3B0FF16F1C7B0E2300141A2F /* videoV.h */ = {isa = PBXFileReference; fileEncoding = 4; lastKnownFileType = sourcecode.c.h; path = videoV.h; sourceTree = "<group>"; };
		3B0FF1721C7B124300141A2F /* angle.png */ = {isa = PBXFileReference; lastKnownFileType = image.png; path = angle.png; sourceTree = "<group>"; };
		3B0FF1741C7B14B600141A2F /* pitch.png */ = {isa = PBXFileReference; lastKnownFileType = image.png; path = pitch.png; sourceTree = "<group>"; };
		3B1A1BC11C59E36D008E13AB /* opencv2.framework */ = {isa = PBXFileReference; lastKnownFileType = wrapper.framework; path = opencv2.framework; sourceTree = "<group>"; };
		3B1A1BD11C5B0F8D008E13AB /* beginAnimationV.h */ = {isa = PBXFileReference; fileEncoding = 4; lastKnownFileType = sourcecode.c.h; path = beginAnimationV.h; sourceTree = "<group>"; };
		3B1A1BD21C5B0F8D008E13AB /* beginAnimationV.m */ = {isa = PBXFileReference; fileEncoding = 4; lastKnownFileType = sourcecode.c.objc; path = beginAnimationV.m; sourceTree = "<group>"; };
		3B1A1BD41C5B1060008E13AB /* Global_Macros.pch */ = {isa = PBXFileReference; fileEncoding = 4; lastKnownFileType = sourcecode.c.h; path = Global_Macros.pch; sourceTree = "<group>"; };
		3B1A1BD61C5B2F13008E13AB /* 512.png */ = {isa = PBXFileReference; lastKnownFileType = image.png; path = 512.png; sourceTree = "<group>"; };
		3B1A1BD71C5B2F13008E13AB /* photo_drone.png */ = {isa = PBXFileReference; lastKnownFileType = image.png; path = photo_drone.png; sourceTree = "<group>"; };
		3B1A1BD81C5B2F13008E13AB /* air_turbine-512.png */ = {isa = PBXFileReference; lastKnownFileType = image.png; path = "air_turbine-512.png"; sourceTree = "<group>"; };
		3B1A1BD91C5B2F13008E13AB /* icon-quadcopter.png */ = {isa = PBXFileReference; lastKnownFileType = image.png; path = "icon-quadcopter.png"; sourceTree = "<group>"; };
		3B1A1BDA1C5B2F13008E13AB /* unload_drone-512.png */ = {isa = PBXFileReference; lastKnownFileType = image.png; path = "unload_drone-512.png"; sourceTree = "<group>"; };
		3B1A1BDB1C5B2F13008E13AB /* rect1.png */ = {isa = PBXFileReference; lastKnownFileType = image.png; path = rect1.png; sourceTree = "<group>"; };
		3B1A1BDC1C5B2F13008E13AB /* 13111-200 (1).png */ = {isa = PBXFileReference; lastKnownFileType = image.png; path = "13111-200 (1).png"; sourceTree = "<group>"; };
		3B1A1BDD1C5B2F13008E13AB /* 512 (1).png */ = {isa = PBXFileReference; lastKnownFileType = image.png; path = "512 (1).png"; sourceTree = "<group>"; };
		3B1A1BDE1C5B2F13008E13AB /* triangle1.png */ = {isa = PBXFileReference; lastKnownFileType = image.png; path = triangle1.png; sourceTree = "<group>"; };
		3B1A1BDF1C5B2F13008E13AB /* f1c7583b162713b78f40f1a0bb5a5aef7bb724e2_original.png */ = {isa = PBXFileReference; lastKnownFileType = image.png; path = f1c7583b162713b78f40f1a0bb5a5aef7bb724e2_original.png; sourceTree = "<group>"; };
		3B1A1BE01C5B2F13008E13AB /* radio_spy_drone-512.png */ = {isa = PBXFileReference; lastKnownFileType = image.png; path = "radio_spy_drone-512.png"; sourceTree = "<group>"; };
		3B1A1BE11C5B2F13008E13AB /* 30708-200.png */ = {isa = PBXFileReference; lastKnownFileType = image.png; path = "30708-200.png"; sourceTree = "<group>"; };
		3B1A1BE21C5B2F13008E13AB /* 38911396-Quadcopter-side-view-simple-icon-on-white-background--Stock-Vector.jpg */ = {isa = PBXFileReference; lastKnownFileType = image.jpeg; path = "38911396-Quadcopter-side-view-simple-icon-on-white-background--Stock-Vector.jpg"; sourceTree = "<group>"; };
		3B1A1BE31C5B2F13008E13AB /* 30708-84.png */ = {isa = PBXFileReference; lastKnownFileType = image.png; path = "30708-84.png"; sourceTree = "<group>"; };
		3B1A1BE41C5B2F13008E13AB /* 38946819-Quadcopter-drone-simple-icon-on-white-background--Stock-Vector.jpg */ = {isa = PBXFileReference; lastKnownFileType = image.jpeg; path = "38946819-Quadcopter-drone-simple-icon-on-white-background--Stock-Vector.jpg"; sourceTree = "<group>"; };
		3B1A1BF41C5B2F8A008E13AB /* ZYTshapeLayer.h */ = {isa = PBXFileReference; fileEncoding = 4; lastKnownFileType = sourcecode.c.h; path = ZYTshapeLayer.h; sourceTree = "<group>"; };
		3B1A1BF51C5B2F8A008E13AB /* ZYTshapeLayer.m */ = {isa = PBXFileReference; fileEncoding = 4; lastKnownFileType = sourcecode.c.objc; path = ZYTshapeLayer.m; sourceTree = "<group>"; };
		3B1A1BF71C5B41B4008E13AB /* rect2.png */ = {isa = PBXFileReference; lastKnownFileType = image.png; path = rect2.png; sourceTree = "<group>"; };
		3B4571421C5B92F200586FE8 /* mediaWebV.h */ = {isa = PBXFileReference; fileEncoding = 4; lastKnownFileType = sourcecode.c.h; path = mediaWebV.h; sourceTree = "<group>"; };
		3B4571431C5B92F200586FE8 /* mediaWebV.m */ = {isa = PBXFileReference; fileEncoding = 4; lastKnownFileType = sourcecode.c.objc; path = mediaWebV.m; sourceTree = "<group>"; };
		3B5DD2FA1C79500A00F03E98 /* head_BG.jpg */ = {isa = PBXFileReference; lastKnownFileType = image.jpeg; path = head_BG.jpg; sourceTree = "<group>"; };
		3B5DD2FC1C79678900F03E98 /* signUpViewController.m */ = {isa = PBXFileReference; fileEncoding = 4; lastKnownFileType = sourcecode.c.objc; path = signUpViewController.m; sourceTree = "<group>"; };
		3B5DD2FD1C79678900F03E98 /* signUpViewController.h */ = {isa = PBXFileReference; fileEncoding = 4; lastKnownFileType = sourcecode.c.h; path = signUpViewController.h; sourceTree = "<group>"; };
		3B5DD2FF1C7967A000F03E98 /* UIView+FlipTransition.m */ = {isa = PBXFileReference; fileEncoding = 4; lastKnownFileType = sourcecode.c.objc; path = "UIView+FlipTransition.m"; sourceTree = "<group>"; };
		3B5DD3001C7967A000F03E98 /* UIView+FlipTransition.h */ = {isa = PBXFileReference; fileEncoding = 4; lastKnownFileType = sourcecode.c.h; path = "UIView+FlipTransition.h"; sourceTree = "<group>"; };
		3B5DD3021C7967D100F03E98 /* loginView.m */ = {isa = PBXFileReference; fileEncoding = 4; lastKnownFileType = sourcecode.c.objc; path = loginView.m; sourceTree = "<group>"; };
		3B5DD3031C7967D100F03E98 /* loginView.h */ = {isa = PBXFileReference; fileEncoding = 4; lastKnownFileType = sourcecode.c.h; path = loginView.h; sourceTree = "<group>"; };
		3B5DD3051C79699200F03E98 /* loginBackground.jpg */ = {isa = PBXFileReference; lastKnownFileType = image.jpeg; path = loginBackground.jpg; sourceTree = "<group>"; };
		3B5DD3071C7992CB00F03E98 /* 172699.png */ = {isa = PBXFileReference; lastKnownFileType = image.png; path = 172699.png; sourceTree = "<group>"; };
		3B5DD3091C799BFF00F03E98 /* rectwhite.png */ = {isa = PBXFileReference; lastKnownFileType = image.png; path = rectwhite.png; sourceTree = "<group>"; };
		3B710DB01C6B1FC7005F4ABC /* tabbar_connect.png */ = {isa = PBXFileReference; lastKnownFileType = image.png; path = tabbar_connect.png; sourceTree = "<group>"; };
		3B710DBA1C6C600C005F4ABC /* batteryhalf.png */ = {isa = PBXFileReference; lastKnownFileType = image.png; path = batteryhalf.png; sourceTree = "<group>"; };
		3B710DBC1C6C6158005F4ABC /* roll.png */ = {isa = PBXFileReference; lastKnownFileType = image.png; path = roll.png; sourceTree = "<group>"; };
		3B710DFA1C71801C005F4ABC /* launch_BG1.jpg */ = {isa = PBXFileReference; lastKnownFileType = image.jpeg; path = launch_BG1.jpg; sourceTree = "<group>"; };
		3B710DFD1C72CBBF005F4ABC /* communityCell.h */ = {isa = PBXFileReference; fileEncoding = 4; lastKnownFileType = sourcecode.c.h; path = communityCell.h; sourceTree = "<group>"; };
		3B710DFE1C72CBBF005F4ABC /* communityCell.m */ = {isa = PBXFileReference; fileEncoding = 4; lastKnownFileType = sourcecode.c.objc; path = communityCell.m; sourceTree = "<group>"; };
		3B710E011C72D285005F4ABC /* CAShapeLayer+init.h */ = {isa = PBXFileReference; fileEncoding = 4; lastKnownFileType = sourcecode.c.h; path = "CAShapeLayer+init.h"; sourceTree = "<group>"; };
		3B710E021C72D285005F4ABC /* CAShapeLayer+init.m */ = {isa = PBXFileReference; fileEncoding = 4; lastKnownFileType = sourcecode.c.objc; path = "CAShapeLayer+init.m"; sourceTree = "<group>"; };
		3B710E041C72E9EC005F4ABC /* gentleman.png */ = {isa = PBXFileReference; lastKnownFileType = image.png; path = gentleman.png; sourceTree = "<group>"; };
		3B710E061C72FEBE005F4ABC /* communityDetailVC.h */ = {isa = PBXFileReference; fileEncoding = 4; lastKnownFileType = sourcecode.c.h; path = communityDetailVC.h; sourceTree = "<group>"; };
		3B710E071C72FEBE005F4ABC /* communityDetailVC.m */ = {isa = PBXFileReference; fileEncoding = 4; lastKnownFileType = sourcecode.c.objc; path = communityDetailVC.m; sourceTree = "<group>"; };
		3B710E091C747827005F4ABC /* launch_BG.jpg */ = {isa = PBXFileReference; lastKnownFileType = image.jpeg; path = launch_BG.jpg; sourceTree = "<group>"; };
		3B710E471C77568C005F4ABC /* CAShapeLayerConfigure.h */ = {isa = PBXFileReference; fileEncoding = 4; lastKnownFileType = sourcecode.c.h; path = CAShapeLayerConfigure.h; sourceTree = "<group>"; };
		3B710E481C77568C005F4ABC /* CAShapeLayerConfigure.m */ = {isa = PBXFileReference; fileEncoding = 4; lastKnownFileType = sourcecode.c.objc; path = CAShapeLayerConfigure.m; sourceTree = "<group>"; };
		3B710E491C77568C005F4ABC /* FBShimmering.h */ = {isa = PBXFileReference; fileEncoding = 4; lastKnownFileType = sourcecode.c.h; path = FBShimmering.h; sourceTree = "<group>"; };
		3B710E4A1C77568C005F4ABC /* FBShimmeringLayer.h */ = {isa = PBXFileReference; fileEncoding = 4; lastKnownFileType = sourcecode.c.h; path = FBShimmeringLayer.h; sourceTree = "<group>"; };
		3B710E4B1C77568C005F4ABC /* FBShimmeringLayer.m */ = {isa = PBXFileReference; fileEncoding = 4; lastKnownFileType = sourcecode.c.objc; path = FBShimmeringLayer.m; sourceTree = "<group>"; };
		3B710E4C1C77568C005F4ABC /* FBShimmeringView.h */ = {isa = PBXFileReference; fileEncoding = 4; lastKnownFileType = sourcecode.c.h; path = FBShimmeringView.h; sourceTree = "<group>"; };
		3B710E4D1C77568C005F4ABC /* FBShimmeringView.m */ = {isa = PBXFileReference; fileEncoding = 4; lastKnownFileType = sourcecode.c.objc; path = FBShimmeringView.m; sourceTree = "<group>"; };
		3B710E4E1C77568C005F4ABC /* StrokeCircleLayerConfigure.h */ = {isa = PBXFileReference; fileEncoding = 4; lastKnownFileType = sourcecode.c.h; path = StrokeCircleLayerConfigure.h; sourceTree = "<group>"; };
		3B710E4F1C77568C005F4ABC /* StrokeCircleLayerConfigure.m */ = {isa = PBXFileReference; fileEncoding = 4; lastKnownFileType = sourcecode.c.objc; path = StrokeCircleLayerConfigure.m; sourceTree = "<group>"; };
		3BE949601C782FF100064D89 /* adminCell.h */ = {isa = PBXFileReference; fileEncoding = 4; lastKnownFileType = sourcecode.c.h; path = adminCell.h; sourceTree = "<group>"; };
		3BE949611C782FF100064D89 /* adminCell.m */ = {isa = PBXFileReference; fileEncoding = 4; lastKnownFileType = sourcecode.c.objc; path = adminCell.m; sourceTree = "<group>"; };
		3BE949641C7839B600064D89 /* PressAnimationButton.h */ = {isa = PBXFileReference; fileEncoding = 4; lastKnownFileType = sourcecode.c.h; path = PressAnimationButton.h; sourceTree = "<group>"; };
		3BE949651C7839B600064D89 /* PressAnimationButton.m */ = {isa = PBXFileReference; fileEncoding = 4; lastKnownFileType = sourcecode.c.objc; path = PressAnimationButton.m; sourceTree = "<group>"; };
		A04AC12B1D0B8F277EDEBB28 /* Pods.framework */ = {isa = PBXFileReference; explicitFileType = wrapper.framework; includeInIndex = 0; path = Pods.framework; sourceTree = BUILT_PRODUCTS_DIR; };
		B3A30C866B6EE437DF4C9087 /* Pods.debug.xcconfig */ = {isa = PBXFileReference; includeInIndex = 1; lastKnownFileType = text.xcconfig; name = Pods.debug.xcconfig; path = "Pods/Target Support Files/Pods/Pods.debug.xcconfig"; sourceTree = "<group>"; };
/* End PBXFileReference section */

/* Begin PBXFrameworksBuildPhase section */
		10DE32C81C59C390007AC1D0 /* Frameworks */ = {
			isa = PBXFrameworksBuildPhase;
			buildActionMask = 2147483647;
			files = (
				3B1A1BC21C59E36D008E13AB /* opencv2.framework in Frameworks */,
				E838F6F60AE48D2CB78975F8 /* Pods.framework in Frameworks */,
			);
			runOnlyForDeploymentPostprocessing = 0;
		};
		10DE32E11C59C390007AC1D0 /* Frameworks */ = {
			isa = PBXFrameworksBuildPhase;
			buildActionMask = 2147483647;
			files = (
			);
			runOnlyForDeploymentPostprocessing = 0;
		};
		10DE32EC1C59C390007AC1D0 /* Frameworks */ = {
			isa = PBXFrameworksBuildPhase;
			buildActionMask = 2147483647;
			files = (
			);
			runOnlyForDeploymentPostprocessing = 0;
		};
/* End PBXFrameworksBuildPhase section */

/* Begin PBXGroup section */
		10DE32C21C59C38F007AC1D0 = {
			isa = PBXGroup;
			children = (
				3B0FF15F1C7ACE9A00141A2F /* model */,
				3B0FF1521C7AB2D700141A2F /* SpriteKit-Joystick */,
				3BE949631C78398100064D89 /* pressAnimationButton */,
				3B710E461C77568C005F4ABC /* FBShimmering */,
				3B710E001C72D26A005F4ABC /* category */,
				3B710DFC1C72CB70005F4ABC /* tableViewCell */,
				3B1A1BD51C5B2F00008E13AB /* resource */,
				3B1A1BD01C5B0C24008E13AB /* views */,
				3B1A1BC11C59E36D008E13AB /* opencv2.framework */,
				10DE330F1C59CE93007AC1D0 /* ViewController */,
				10DE32CD1C59C390007AC1D0 /* HymnLens */,
				10DE32E71C59C390007AC1D0 /* HymnLensTests */,
				10DE32F21C59C390007AC1D0 /* HymnLensUITests */,
				10DE32CC1C59C390007AC1D0 /* Products */,
				CDA401F2065A014B62514E5E /* Pods */,
				642190E11E99CD7CDC4ECA64 /* Frameworks */,
			);
			sourceTree = "<group>";
		};
		10DE32CC1C59C390007AC1D0 /* Products */ = {
			isa = PBXGroup;
			children = (
				10DE32CB1C59C390007AC1D0 /* HymnLens.app */,
				10DE32E41C59C390007AC1D0 /* HymnLensTests.xctest */,
				10DE32EF1C59C390007AC1D0 /* HymnLensUITests.xctest */,
			);
			name = Products;
			sourceTree = "<group>";
		};
		10DE32CD1C59C390007AC1D0 /* HymnLens */ = {
			isa = PBXGroup;
			children = (
				10DE32D11C59C390007AC1D0 /* AppDelegate.h */,
				10DE32D21C59C390007AC1D0 /* AppDelegate.m */,
				10DE32D71C59C390007AC1D0 /* Main.storyboard */,
				10DE32DA1C59C390007AC1D0 /* Assets.xcassets */,
				10DE32DC1C59C390007AC1D0 /* LaunchScreen.storyboard */,
				10DE32DF1C59C390007AC1D0 /* Info.plist */,
				10DE32CE1C59C390007AC1D0 /* Supporting Files */,
			);
			path = HymnLens;
			sourceTree = "<group>";
		};
		10DE32CE1C59C390007AC1D0 /* Supporting Files */ = {
			isa = PBXGroup;
			children = (
				10DE32CF1C59C390007AC1D0 /* main.m */,
				3B1A1BD41C5B1060008E13AB /* Global_Macros.pch */,
			);
			name = "Supporting Files";
			sourceTree = "<group>";
		};
		10DE32E71C59C390007AC1D0 /* HymnLensTests */ = {
			isa = PBXGroup;
			children = (
				10DE32E81C59C390007AC1D0 /* HymnLensTests.m */,
				10DE32EA1C59C390007AC1D0 /* Info.plist */,
			);
			path = HymnLensTests;
			sourceTree = "<group>";
		};
		10DE32F21C59C390007AC1D0 /* HymnLensUITests */ = {
			isa = PBXGroup;
			children = (
				10DE32F31C59C390007AC1D0 /* HymnLensUITests.m */,
				10DE32F51C59C390007AC1D0 /* Info.plist */,
			);
			path = HymnLensUITests;
			sourceTree = "<group>";
		};
		10DE330F1C59CE93007AC1D0 /* ViewController */ = {
			isa = PBXGroup;
			children = (
				3B0FF1691C7B0DFB00141A2F /* HLMediaController.m */,
				3B0FF16A1C7B0DFB00141A2F /* HLMediaController.h */,
				3B0FF1661C7B0DDC00141A2F /* VideoViewController.m */,
				3B0FF1671C7B0DDC00141A2F /* VideoViewController.h */,
				3B5DD2FC1C79678900F03E98 /* signUpViewController.m */,
				3B5DD2FD1C79678900F03E98 /* signUpViewController.h */,
				10DE33011C59C561007AC1D0 /* HLTabBarController.h */,
				10DE33021C59C561007AC1D0 /* HLTabBarController.m */,
				10DE33061C59CD8F007AC1D0 /* LinkViewController.h */,
				10DE33071C59CD8F007AC1D0 /* LinkViewController.m */,
				10DE330C1C59CE7A007AC1D0 /* CommunityViewController.h */,
				10DE330D1C59CE7A007AC1D0 /* CommunityViewController.m */,
				3B0516B01C5B65CA00AB369B /* OperateVC.h */,
				3B0516B11C5B65CA00AB369B /* OperateVC.m */,
				3B710E061C72FEBE005F4ABC /* communityDetailVC.h */,
				3B710E071C72FEBE005F4ABC /* communityDetailVC.m */,
			);
			name = ViewController;
			sourceTree = "<group>";
		};
		3B0FF1291C7AAA6200141A2F /* tabbar */ = {
			isa = PBXGroup;
			children = (
				3B0FF1501C7AAFBC00141A2F /* media@2x.png */,
				3B0FF14E1C7AAF0E00141A2F /* wifi@2x.png */,
				3B0FF1461C7AADF100141A2F /* shequhuati (3)@2x.png */,
				3B0FF1471C7AADF100141A2F /* shequhuati (1)@2x.png */,
				3B0FF1481C7AADF100141A2F /* shequhuati@2x.png */,
				3B0FF12A1C7AAAAE00141A2F /* share_cdcdcd.png */,
				3B0FF12C1C7AAACA00141A2F /* share_bfbfbf.png */,
				3B0FF12E1C7AAAE700141A2F /* share_black.png */,
				3B0FF1301C7AAAFC00141A2F /* community_black.png */,
				3B0FF1321C7AAB0F00141A2F /* community_bfbfbf.png */,
				3B0FF1341C7AAB2100141A2F /* community_cdcdcd.png */,
				3B0FF1361C7AAB3800141A2F /* wifi_black.png */,
				3B0FF1381C7AAB4E00141A2F /* wifi_bfbfbf.png */,
				3B0FF13A1C7AAB6100141A2F /* wifi_cdcdcd.png */,
				3B0FF13C1C7AAB7900141A2F /* shipin_black.png */,
				3B0FF13E1C7AAB8700141A2F /* shipin_bfbfbf.png */,
				3B0FF1401C7AAB9300141A2F /* shipin_cdcdcd.png */,
				3B0FF1421C7AABB200141A2F /* movie_bfbfbf.png */,
				3B0FF1441C7AABC800141A2F /* movie_black.png */,
			);
			name = tabbar;
			sourceTree = "<group>";
		};
		3B0FF1521C7AB2D700141A2F /* SpriteKit-Joystick */ = {
			isa = PBXGroup;
			children = (
				3B0FF1531C7AB2D700141A2F /* dpad.png */,
				3B0FF1541C7AB2D700141A2F /* Joystick.h */,
				3B0FF1551C7AB2D700141A2F /* Joystick.m */,
				3B0FF1561C7AB2D700141A2F /* joystick.png */,
				3B0FF1571C7AB2D700141A2F /* README.md */,
			);
			name = "SpriteKit-Joystick";
			path = "SpriteKit-Joystick-master";
			sourceTree = "<group>";
		};
		3B0FF15F1C7ACE9A00141A2F /* model */ = {
			isa = PBXGroup;
			children = (
				3B0FF1601C7ACEC700141A2F /* controlModel.h */,
				3B0FF1611C7ACEC700141A2F /* controlModel.m */,
			);
			name = model;
			sourceTree = "<group>";
		};
		3B0FF1631C7AD53700141A2F /* arg_label */ = {
			isa = PBXGroup;
			children = (
				3B0FF1741C7B14B600141A2F /* pitch.png */,
				3B0FF1721C7B124300141A2F /* angle.png */,
			);
			name = arg_label;
			sourceTree = "<group>";
		};
		3B1A1BD01C5B0C24008E13AB /* views */ = {
			isa = PBXGroup;
			children = (
				3B0FF16C1C7B0E2300141A2F /* videoListV.h */,
				3B0FF16D1C7B0E2300141A2F /* videoListV.m */,
				3B0FF16E1C7B0E2300141A2F /* videoV.m */,
				3B0FF16F1C7B0E2300141A2F /* videoV.h */,
				3B5DD3021C7967D100F03E98 /* loginView.m */,
				3B5DD3031C7967D100F03E98 /* loginView.h */,
				3B1A1BD11C5B0F8D008E13AB /* beginAnimationV.h */,
				3B1A1BD21C5B0F8D008E13AB /* beginAnimationV.m */,
				3B1A1BF41C5B2F8A008E13AB /* ZYTshapeLayer.h */,
				3B1A1BF51C5B2F8A008E13AB /* ZYTshapeLayer.m */,
				3B4571421C5B92F200586FE8 /* mediaWebV.h */,
				3B4571431C5B92F200586FE8 /* mediaWebV.m */,
				3B0FF15C1C7AB6B900141A2F /* joystick_Scene.h */,
				3B0FF15D1C7AB6B900141A2F /* joystick_Scene.m */,
			);
			name = views;
			sourceTree = "<group>";
		};
		3B1A1BD51C5B2F00008E13AB /* resource */ = {
			isa = PBXGroup;
			children = (
				3B0FF1631C7AD53700141A2F /* arg_label */,
				3B0FF1291C7AAA6200141A2F /* tabbar */,
				3B5DD3091C799BFF00F03E98 /* rectwhite.png */,
				3B5DD3071C7992CB00F03E98 /* 172699.png */,
				3B5DD3051C79699200F03E98 /* loginBackground.jpg */,
				3B5DD2FA1C79500A00F03E98 /* head_BG.jpg */,
				3B710E091C747827005F4ABC /* launch_BG.jpg */,
				3B710E041C72E9EC005F4ABC /* gentleman.png */,
				3B710DFA1C71801C005F4ABC /* launch_BG1.jpg */,
				3B710DBC1C6C6158005F4ABC /* roll.png */,
				3B710DBA1C6C600C005F4ABC /* batteryhalf.png */,
				3B710DB01C6B1FC7005F4ABC /* tabbar_connect.png */,
				3B1A1BD61C5B2F13008E13AB /* 512.png */,
				3B1A1BD71C5B2F13008E13AB /* photo_drone.png */,
				3B1A1BD81C5B2F13008E13AB /* air_turbine-512.png */,
				3B1A1BD91C5B2F13008E13AB /* icon-quadcopter.png */,
				3B1A1BDA1C5B2F13008E13AB /* unload_drone-512.png */,
				3B1A1BF71C5B41B4008E13AB /* rect2.png */,
				3B1A1BDB1C5B2F13008E13AB /* rect1.png */,
				3B1A1BDC1C5B2F13008E13AB /* 13111-200 (1).png */,
				3B1A1BDD1C5B2F13008E13AB /* 512 (1).png */,
				3B1A1BDE1C5B2F13008E13AB /* triangle1.png */,
				3B1A1BDF1C5B2F13008E13AB /* f1c7583b162713b78f40f1a0bb5a5aef7bb724e2_original.png */,
				3B1A1BE01C5B2F13008E13AB /* radio_spy_drone-512.png */,
				3B1A1BE11C5B2F13008E13AB /* 30708-200.png */,
				3B1A1BE21C5B2F13008E13AB /* 38911396-Quadcopter-side-view-simple-icon-on-white-background--Stock-Vector.jpg */,
				3B1A1BE31C5B2F13008E13AB /* 30708-84.png */,
				3B1A1BE41C5B2F13008E13AB /* 38946819-Quadcopter-drone-simple-icon-on-white-background--Stock-Vector.jpg */,
			);
			name = resource;
			sourceTree = "<group>";
		};
		3B710DFC1C72CB70005F4ABC /* tableViewCell */ = {
			isa = PBXGroup;
			children = (
				3B710DFD1C72CBBF005F4ABC /* communityCell.h */,
				3B710DFE1C72CBBF005F4ABC /* communityCell.m */,
				3BE949601C782FF100064D89 /* adminCell.h */,
				3BE949611C782FF100064D89 /* adminCell.m */,
			);
			name = tableViewCell;
			sourceTree = "<group>";
		};
		3B710E001C72D26A005F4ABC /* category */ = {
			isa = PBXGroup;
			children = (
				3B5DD2FF1C7967A000F03E98 /* UIView+FlipTransition.m */,
				3B5DD3001C7967A000F03E98 /* UIView+FlipTransition.h */,
				3B710E011C72D285005F4ABC /* CAShapeLayer+init.h */,
				3B710E021C72D285005F4ABC /* CAShapeLayer+init.m */,
			);
			name = category;
			sourceTree = "<group>";
		};
		3B710E461C77568C005F4ABC /* FBShimmering */ = {
			isa = PBXGroup;
			children = (
				3B710E471C77568C005F4ABC /* CAShapeLayerConfigure.h */,
				3B710E481C77568C005F4ABC /* CAShapeLayerConfigure.m */,
				3B710E491C77568C005F4ABC /* FBShimmering.h */,
				3B710E4A1C77568C005F4ABC /* FBShimmeringLayer.h */,
				3B710E4B1C77568C005F4ABC /* FBShimmeringLayer.m */,
				3B710E4C1C77568C005F4ABC /* FBShimmeringView.h */,
				3B710E4D1C77568C005F4ABC /* FBShimmeringView.m */,
				3B710E4E1C77568C005F4ABC /* StrokeCircleLayerConfigure.h */,
				3B710E4F1C77568C005F4ABC /* StrokeCircleLayerConfigure.m */,
			);
			path = FBShimmering;
			sourceTree = "<group>";
		};
		3BE949631C78398100064D89 /* pressAnimationButton */ = {
			isa = PBXGroup;
			children = (
				3BE949641C7839B600064D89 /* PressAnimationButton.h */,
				3BE949651C7839B600064D89 /* PressAnimationButton.m */,
			);
			name = pressAnimationButton;
			sourceTree = "<group>";
		};
		642190E11E99CD7CDC4ECA64 /* Frameworks */ = {
			isa = PBXGroup;
			children = (
				A04AC12B1D0B8F277EDEBB28 /* Pods.framework */,
			);
			name = Frameworks;
			sourceTree = "<group>";
		};
		CDA401F2065A014B62514E5E /* Pods */ = {
			isa = PBXGroup;
			children = (
				B3A30C866B6EE437DF4C9087 /* Pods.debug.xcconfig */,
				0E8E66D8EB63BAB8E7746F84 /* Pods.release.xcconfig */,
			);
			name = Pods;
			sourceTree = "<group>";
		};
/* End PBXGroup section */

/* Begin PBXNativeTarget section */
		10DE32CA1C59C390007AC1D0 /* HymnLens */ = {
			isa = PBXNativeTarget;
			buildConfigurationList = 10DE32F81C59C390007AC1D0 /* Build configuration list for PBXNativeTarget "HymnLens" */;
			buildPhases = (
				CBCAB37D30558BAEC24E7B27 /* Check Pods Manifest.lock */,
				10DE32C71C59C390007AC1D0 /* Sources */,
				10DE32C81C59C390007AC1D0 /* Frameworks */,
				10DE32C91C59C390007AC1D0 /* Resources */,
				15227D7BB0A0AD7C45A4936E /* Embed Pods Frameworks */,
				8F9E3EEA65EA01C04745F9FB /* Copy Pods Resources */,
			);
			buildRules = (
			);
			dependencies = (
			);
			name = HymnLens;
			productName = HymnLens;
			productReference = 10DE32CB1C59C390007AC1D0 /* HymnLens.app */;
			productType = "com.apple.product-type.application";
		};
		10DE32E31C59C390007AC1D0 /* HymnLensTests */ = {
			isa = PBXNativeTarget;
			buildConfigurationList = 10DE32FB1C59C390007AC1D0 /* Build configuration list for PBXNativeTarget "HymnLensTests" */;
			buildPhases = (
				10DE32E01C59C390007AC1D0 /* Sources */,
				10DE32E11C59C390007AC1D0 /* Frameworks */,
				10DE32E21C59C390007AC1D0 /* Resources */,
			);
			buildRules = (
			);
			dependencies = (
				10DE32E61C59C390007AC1D0 /* PBXTargetDependency */,
			);
			name = HymnLensTests;
			productName = HymnLensTests;
			productReference = 10DE32E41C59C390007AC1D0 /* HymnLensTests.xctest */;
			productType = "com.apple.product-type.bundle.unit-test";
		};
		10DE32EE1C59C390007AC1D0 /* HymnLensUITests */ = {
			isa = PBXNativeTarget;
			buildConfigurationList = 10DE32FE1C59C390007AC1D0 /* Build configuration list for PBXNativeTarget "HymnLensUITests" */;
			buildPhases = (
				10DE32EB1C59C390007AC1D0 /* Sources */,
				10DE32EC1C59C390007AC1D0 /* Frameworks */,
				10DE32ED1C59C390007AC1D0 /* Resources */,
			);
			buildRules = (
			);
			dependencies = (
				10DE32F11C59C390007AC1D0 /* PBXTargetDependency */,
			);
			name = HymnLensUITests;
			productName = HymnLensUITests;
			productReference = 10DE32EF1C59C390007AC1D0 /* HymnLensUITests.xctest */;
			productType = "com.apple.product-type.bundle.ui-testing";
		};
/* End PBXNativeTarget section */

/* Begin PBXProject section */
		10DE32C31C59C390007AC1D0 /* Project object */ = {
			isa = PBXProject;
			attributes = {
				LastUpgradeCheck = 0720;
				ORGANIZATIONNAME = "陈志浩";
				TargetAttributes = {
					10DE32CA1C59C390007AC1D0 = {
						CreatedOnToolsVersion = 7.2;
					};
					10DE32E31C59C390007AC1D0 = {
						CreatedOnToolsVersion = 7.2;
						TestTargetID = 10DE32CA1C59C390007AC1D0;
					};
					10DE32EE1C59C390007AC1D0 = {
						CreatedOnToolsVersion = 7.2;
						TestTargetID = 10DE32CA1C59C390007AC1D0;
					};
				};
			};
			buildConfigurationList = 10DE32C61C59C390007AC1D0 /* Build configuration list for PBXProject "HymnLens" */;
			compatibilityVersion = "Xcode 3.2";
			developmentRegion = English;
			hasScannedForEncodings = 0;
			knownRegions = (
				en,
				Base,
			);
			mainGroup = 10DE32C21C59C38F007AC1D0;
			productRefGroup = 10DE32CC1C59C390007AC1D0 /* Products */;
			projectDirPath = "";
			projectRoot = "";
			targets = (
				10DE32CA1C59C390007AC1D0 /* HymnLens */,
				10DE32E31C59C390007AC1D0 /* HymnLensTests */,
				10DE32EE1C59C390007AC1D0 /* HymnLensUITests */,
			);
		};
/* End PBXProject section */

/* Begin PBXResourcesBuildPhase section */
		10DE32C91C59C390007AC1D0 /* Resources */ = {
			isa = PBXResourcesBuildPhase;
			buildActionMask = 2147483647;
			files = (
				3B1A1BEE1C5B2F13008E13AB /* f1c7583b162713b78f40f1a0bb5a5aef7bb724e2_original.png in Resources */,
				3B0FF1451C7AABC800141A2F /* movie_black.png in Resources */,
				3B0FF13D1C7AAB7900141A2F /* shipin_black.png in Resources */,
				10DE32DE1C59C390007AC1D0 /* LaunchScreen.storyboard in Resources */,
				3B710DFB1C71801C005F4ABC /* launch_BG1.jpg in Resources */,
				3B1A1BF31C5B2F13008E13AB /* 38946819-Quadcopter-drone-simple-icon-on-white-background--Stock-Vector.jpg in Resources */,
				3B1A1BF01C5B2F13008E13AB /* 30708-200.png in Resources */,
				3B0FF1751C7B14B600141A2F /* pitch.png in Resources */,
				3B0FF12F1C7AAAE700141A2F /* share_black.png in Resources */,
				3B0FF1371C7AAB3800141A2F /* wifi_black.png in Resources */,
				3B0FF12B1C7AAAAE00141A2F /* share_cdcdcd.png in Resources */,
				3B710DBD1C6C6158005F4ABC /* roll.png in Resources */,
				3B5DD3061C79699200F03E98 /* loginBackground.jpg in Resources */,
				3B0FF12D1C7AAACA00141A2F /* share_bfbfbf.png in Resources */,
				3B0FF1731C7B124300141A2F /* angle.png in Resources */,
				3B0FF1391C7AAB4E00141A2F /* wifi_bfbfbf.png in Resources */,
				3B1A1BE71C5B2F13008E13AB /* air_turbine-512.png in Resources */,
				3B1A1BED1C5B2F13008E13AB /* triangle1.png in Resources */,
				3B1A1BF21C5B2F13008E13AB /* 30708-84.png in Resources */,
				3B0FF13F1C7AAB8700141A2F /* shipin_bfbfbf.png in Resources */,
				3B1A1BF11C5B2F13008E13AB /* 38911396-Quadcopter-side-view-simple-icon-on-white-background--Stock-Vector.jpg in Resources */,
				3B1A1BEA1C5B2F13008E13AB /* rect1.png in Resources */,
				3B710E051C72E9EC005F4ABC /* gentleman.png in Resources */,
				3B1A1BE61C5B2F13008E13AB /* photo_drone.png in Resources */,
				3B0FF14B1C7AADF100141A2F /* shequhuati@2x.png in Resources */,
				3B1A1BF81C5B41B4008E13AB /* rect2.png in Resources */,
				3B710E0A1C747827005F4ABC /* launch_BG.jpg in Resources */,
				3B0FF15A1C7AB2D700141A2F /* joystick.png in Resources */,
				3B0FF1511C7AAFBC00141A2F /* media@2x.png in Resources */,
				3B0FF14A1C7AADF100141A2F /* shequhuati (1)@2x.png in Resources */,
				3B1A1BE81C5B2F13008E13AB /* icon-quadcopter.png in Resources */,
				10DE32DB1C59C390007AC1D0 /* Assets.xcassets in Resources */,
				3B710DBB1C6C600C005F4ABC /* batteryhalf.png in Resources */,
				3B5DD2FB1C79500A00F03E98 /* head_BG.jpg in Resources */,
				3B5DD30A1C799BFF00F03E98 /* rectwhite.png in Resources */,
				3B0FF13B1C7AAB6100141A2F /* wifi_cdcdcd.png in Resources */,
				3B0FF14F1C7AAF0E00141A2F /* wifi@2x.png in Resources */,
				3B0FF1411C7AAB9300141A2F /* shipin_cdcdcd.png in Resources */,
				3B0FF1351C7AAB2100141A2F /* community_cdcdcd.png in Resources */,
				3B1A1BE51C5B2F13008E13AB /* 512.png in Resources */,
				3B1A1BE91C5B2F13008E13AB /* unload_drone-512.png in Resources */,
				3B1A1BEF1C5B2F13008E13AB /* radio_spy_drone-512.png in Resources */,
				3B0FF1431C7AABB200141A2F /* movie_bfbfbf.png in Resources */,
				3B5DD3081C7992CB00F03E98 /* 172699.png in Resources */,
				3B0FF1311C7AAAFC00141A2F /* community_black.png in Resources */,
				3B0FF1581C7AB2D700141A2F /* dpad.png in Resources */,
				3B710DB11C6B1FC7005F4ABC /* tabbar_connect.png in Resources */,
				3B1A1BEC1C5B2F13008E13AB /* 512 (1).png in Resources */,
				3B0FF1491C7AADF100141A2F /* shequhuati (3)@2x.png in Resources */,
				3B1A1BEB1C5B2F13008E13AB /* 13111-200 (1).png in Resources */,
				3B0FF1331C7AAB0F00141A2F /* community_bfbfbf.png in Resources */,
				10DE32D91C59C390007AC1D0 /* Main.storyboard in Resources */,
			);
			runOnlyForDeploymentPostprocessing = 0;
		};
		10DE32E21C59C390007AC1D0 /* Resources */ = {
			isa = PBXResourcesBuildPhase;
			buildActionMask = 2147483647;
			files = (
			);
			runOnlyForDeploymentPostprocessing = 0;
		};
		10DE32ED1C59C390007AC1D0 /* Resources */ = {
			isa = PBXResourcesBuildPhase;
			buildActionMask = 2147483647;
			files = (
			);
			runOnlyForDeploymentPostprocessing = 0;
		};
/* End PBXResourcesBuildPhase section */

/* Begin PBXShellScriptBuildPhase section */
		15227D7BB0A0AD7C45A4936E /* Embed Pods Frameworks */ = {
			isa = PBXShellScriptBuildPhase;
			buildActionMask = 2147483647;
			files = (
			);
			inputPaths = (
			);
			name = "Embed Pods Frameworks";
			outputPaths = (
			);
			runOnlyForDeploymentPostprocessing = 0;
			shellPath = /bin/sh;
			shellScript = "\"${SRCROOT}/Pods/Target Support Files/Pods/Pods-frameworks.sh\"\n";
			showEnvVarsInLog = 0;
		};
		8F9E3EEA65EA01C04745F9FB /* Copy Pods Resources */ = {
			isa = PBXShellScriptBuildPhase;
			buildActionMask = 2147483647;
			files = (
			);
			inputPaths = (
			);
			name = "Copy Pods Resources";
			outputPaths = (
			);
			runOnlyForDeploymentPostprocessing = 0;
			shellPath = /bin/sh;
			shellScript = "\"${SRCROOT}/Pods/Target Support Files/Pods/Pods-resources.sh\"\n";
			showEnvVarsInLog = 0;
		};
		CBCAB37D30558BAEC24E7B27 /* Check Pods Manifest.lock */ = {
			isa = PBXShellScriptBuildPhase;
			buildActionMask = 2147483647;
			files = (
			);
			inputPaths = (
			);
			name = "Check Pods Manifest.lock";
			outputPaths = (
			);
			runOnlyForDeploymentPostprocessing = 0;
			shellPath = /bin/sh;
			shellScript = "diff \"${PODS_ROOT}/../Podfile.lock\" \"${PODS_ROOT}/Manifest.lock\" > /dev/null\nif [[ $? != 0 ]] ; then\n    cat << EOM\nerror: The sandbox is not in sync with the Podfile.lock. Run 'pod install' or update your CocoaPods installation.\nEOM\n    exit 1\nfi\n";
			showEnvVarsInLog = 0;
		};
/* End PBXShellScriptBuildPhase section */

/* Begin PBXSourcesBuildPhase section */
		10DE32C71C59C390007AC1D0 /* Sources */ = {
			isa = PBXSourcesBuildPhase;
			buildActionMask = 2147483647;
			files = (
				10DE330E1C59CE7A007AC1D0 /* CommunityViewController.m in Sources */,
				3B710E081C72FEBE005F4ABC /* communityDetailVC.m in Sources */,
				3B5DD3011C7967A000F03E98 /* UIView+FlipTransition.m in Sources */,
				3B710E521C77568C005F4ABC /* FBShimmeringView.m in Sources */,
				10DE33081C59CD8F007AC1D0 /* LinkViewController.m in Sources */,
				3B0FF15B1C7AB2D700141A2F /* README.md in Sources */,
				3BE949621C782FF100064D89 /* adminCell.m in Sources */,
				3B710E031C72D285005F4ABC /* CAShapeLayer+init.m in Sources */,
				10DE32D31C59C390007AC1D0 /* AppDelegate.m in Sources */,
				10DE32D01C59C390007AC1D0 /* main.m in Sources */,
				3B5DD3041C7967D100F03E98 /* loginView.m in Sources */,
				10DE33031C59C561007AC1D0 /* HLTabBarController.m in Sources */,
				3B0FF16B1C7B0DFB00141A2F /* HLMediaController.m in Sources */,
				3B0FF1621C7ACEC700141A2F /* controlModel.m in Sources */,
				3B5DD2FE1C79678900F03E98 /* signUpViewController.m in Sources */,
				3B0FF1711C7B0E2300141A2F /* videoV.m in Sources */,
				3B0FF15E1C7AB6B900141A2F /* joystick_Scene.m in Sources */,
				3B0FF1701C7B0E2300141A2F /* videoListV.m in Sources */,
				3B710DFF1C72CBBF005F4ABC /* communityCell.m in Sources */,
				3B0516B21C5B65CA00AB369B /* OperateVC.m in Sources */,
				3B0FF1591C7AB2D700141A2F /* Joystick.m in Sources */,
				3B710E501C77568C005F4ABC /* CAShapeLayerConfigure.m in Sources */,
				3BE949661C7839B600064D89 /* PressAnimationButton.m in Sources */,
				3B1A1BD31C5B0F8D008E13AB /* beginAnimationV.m in Sources */,
				3B710E511C77568C005F4ABC /* FBShimmeringLayer.m in Sources */,
				3B710E531C77568C005F4ABC /* StrokeCircleLayerConfigure.m in Sources */,
				3B4571441C5B92F200586FE8 /* mediaWebV.m in Sources */,
				3B0FF1681C7B0DDC00141A2F /* VideoViewController.m in Sources */,
				3B1A1BF61C5B2F8A008E13AB /* ZYTshapeLayer.m in Sources */,
			);
			runOnlyForDeploymentPostprocessing = 0;
		};
		10DE32E01C59C390007AC1D0 /* Sources */ = {
			isa = PBXSourcesBuildPhase;
			buildActionMask = 2147483647;
			files = (
				10DE32E91C59C390007AC1D0 /* HymnLensTests.m in Sources */,
			);
			runOnlyForDeploymentPostprocessing = 0;
		};
		10DE32EB1C59C390007AC1D0 /* Sources */ = {
			isa = PBXSourcesBuildPhase;
			buildActionMask = 2147483647;
			files = (
				10DE32F41C59C390007AC1D0 /* HymnLensUITests.m in Sources */,
			);
			runOnlyForDeploymentPostprocessing = 0;
		};
/* End PBXSourcesBuildPhase section */

/* Begin PBXTargetDependency section */
		10DE32E61C59C390007AC1D0 /* PBXTargetDependency */ = {
			isa = PBXTargetDependency;
			target = 10DE32CA1C59C390007AC1D0 /* HymnLens */;
			targetProxy = 10DE32E51C59C390007AC1D0 /* PBXContainerItemProxy */;
		};
		10DE32F11C59C390007AC1D0 /* PBXTargetDependency */ = {
			isa = PBXTargetDependency;
			target = 10DE32CA1C59C390007AC1D0 /* HymnLens */;
			targetProxy = 10DE32F01C59C390007AC1D0 /* PBXContainerItemProxy */;
		};
/* End PBXTargetDependency section */

/* Begin PBXVariantGroup section */
		10DE32D71C59C390007AC1D0 /* Main.storyboard */ = {
			isa = PBXVariantGroup;
			children = (
				10DE32D81C59C390007AC1D0 /* Base */,
			);
			name = Main.storyboard;
			sourceTree = "<group>";
		};
		10DE32DC1C59C390007AC1D0 /* LaunchScreen.storyboard */ = {
			isa = PBXVariantGroup;
			children = (
				10DE32DD1C59C390007AC1D0 /* Base */,
			);
			name = LaunchScreen.storyboard;
			sourceTree = "<group>";
		};
/* End PBXVariantGroup section */

/* Begin XCBuildConfiguration section */
		10DE32F61C59C390007AC1D0 /* Debug */ = {
			isa = XCBuildConfiguration;
			buildSettings = {
				ALWAYS_SEARCH_USER_PATHS = NO;
				CLANG_CXX_LANGUAGE_STANDARD = "gnu++0x";
				CLANG_CXX_LIBRARY = "libc++";
				CLANG_ENABLE_MODULES = YES;
				CLANG_ENABLE_OBJC_ARC = YES;
				CLANG_WARN_BOOL_CONVERSION = YES;
				CLANG_WARN_CONSTANT_CONVERSION = YES;
				CLANG_WARN_DIRECT_OBJC_ISA_USAGE = YES_ERROR;
				CLANG_WARN_EMPTY_BODY = YES;
				CLANG_WARN_ENUM_CONVERSION = YES;
				CLANG_WARN_INT_CONVERSION = YES;
				CLANG_WARN_OBJC_ROOT_CLASS = YES_ERROR;
				CLANG_WARN_UNREACHABLE_CODE = YES;
				CLANG_WARN__DUPLICATE_METHOD_MATCH = YES;
				"CODE_SIGN_IDENTITY[sdk=iphoneos*]" = "iPhone Developer";
				COPY_PHASE_STRIP = NO;
				DEBUG_INFORMATION_FORMAT = dwarf;
				ENABLE_STRICT_OBJC_MSGSEND = YES;
				ENABLE_TESTABILITY = YES;
				GCC_C_LANGUAGE_STANDARD = gnu99;
				GCC_DYNAMIC_NO_PIC = NO;
				GCC_NO_COMMON_BLOCKS = YES;
				GCC_OPTIMIZATION_LEVEL = 0;
				GCC_PREPROCESSOR_DEFINITIONS = (
					"DEBUG=1",
					"$(inherited)",
				);
				GCC_WARN_64_TO_32_BIT_CONVERSION = YES;
				GCC_WARN_ABOUT_RETURN_TYPE = YES_ERROR;
				GCC_WARN_UNDECLARED_SELECTOR = YES;
				GCC_WARN_UNINITIALIZED_AUTOS = YES_AGGRESSIVE;
				GCC_WARN_UNUSED_FUNCTION = YES;
				GCC_WARN_UNUSED_VARIABLE = YES;
				IPHONEOS_DEPLOYMENT_TARGET = 9.2;
				MTL_ENABLE_DEBUG_INFO = YES;
				ONLY_ACTIVE_ARCH = YES;
				SDKROOT = iphoneos;
			};
			name = Debug;
		};
		10DE32F71C59C390007AC1D0 /* Release */ = {
			isa = XCBuildConfiguration;
			buildSettings = {
				ALWAYS_SEARCH_USER_PATHS = NO;
				CLANG_CXX_LANGUAGE_STANDARD = "gnu++0x";
				CLANG_CXX_LIBRARY = "libc++";
				CLANG_ENABLE_MODULES = YES;
				CLANG_ENABLE_OBJC_ARC = YES;
				CLANG_WARN_BOOL_CONVERSION = YES;
				CLANG_WARN_CONSTANT_CONVERSION = YES;
				CLANG_WARN_DIRECT_OBJC_ISA_USAGE = YES_ERROR;
				CLANG_WARN_EMPTY_BODY = YES;
				CLANG_WARN_ENUM_CONVERSION = YES;
				CLANG_WARN_INT_CONVERSION = YES;
				CLANG_WARN_OBJC_ROOT_CLASS = YES_ERROR;
				CLANG_WARN_UNREACHABLE_CODE = YES;
				CLANG_WARN__DUPLICATE_METHOD_MATCH = YES;
				"CODE_SIGN_IDENTITY[sdk=iphoneos*]" = "iPhone Developer";
				COPY_PHASE_STRIP = NO;
				DEBUG_INFORMATION_FORMAT = "dwarf-with-dsym";
				ENABLE_NS_ASSERTIONS = NO;
				ENABLE_STRICT_OBJC_MSGSEND = YES;
				GCC_C_LANGUAGE_STANDARD = gnu99;
				GCC_NO_COMMON_BLOCKS = YES;
				GCC_WARN_64_TO_32_BIT_CONVERSION = YES;
				GCC_WARN_ABOUT_RETURN_TYPE = YES_ERROR;
				GCC_WARN_UNDECLARED_SELECTOR = YES;
				GCC_WARN_UNINITIALIZED_AUTOS = YES_AGGRESSIVE;
				GCC_WARN_UNUSED_FUNCTION = YES;
				GCC_WARN_UNUSED_VARIABLE = YES;
				IPHONEOS_DEPLOYMENT_TARGET = 9.2;
				MTL_ENABLE_DEBUG_INFO = NO;
				SDKROOT = iphoneos;
				VALIDATE_PRODUCT = YES;
			};
			name = Release;
		};
		10DE32F91C59C390007AC1D0 /* Debug */ = {
			isa = XCBuildConfiguration;
			baseConfigurationReference = B3A30C866B6EE437DF4C9087 /* Pods.debug.xcconfig */;
			buildSettings = {
				ASSETCATALOG_COMPILER_APPICON_NAME = AppIcon;
				CODE_SIGN_IDENTITY = "iPhone Developer: Qianjia Wang (H2V7YXQWN8)";
				FRAMEWORK_SEARCH_PATHS = (
					"$(inherited)",
					"$(PROJECT_DIR)",
				);
				GCC_PRECOMPILE_PREFIX_HEADER = YES;
				GCC_PREFIX_HEADER = "$(SRCROOT)/HymnLens/Global_Macros.pch";
				HEADER_SEARCH_PATHS = "";
				INFOPLIST_FILE = HymnLens/Info.plist;
				IPHONEOS_DEPLOYMENT_TARGET = 8.0;
				LD_RUNPATH_SEARCH_PATHS = "$(inherited) @executable_path/Frameworks";
				PRODUCT_BUNDLE_IDENTIFIER = chenzhihao.HymnLens;
				PRODUCT_NAME = "$(TARGET_NAME)";
				USER_HEADER_SEARCH_PATHS = "${SRCROOT}/**";
			};
			name = Debug;
		};
		10DE32FA1C59C390007AC1D0 /* Release */ = {
			isa = XCBuildConfiguration;
			baseConfigurationReference = 0E8E66D8EB63BAB8E7746F84 /* Pods.release.xcconfig */;
			buildSettings = {
				ASSETCATALOG_COMPILER_APPICON_NAME = AppIcon;
				CODE_SIGN_IDENTITY = "iPhone Developer: Qianjia Wang (H2V7YXQWN8)";
				FRAMEWORK_SEARCH_PATHS = (
					"$(inherited)",
					"$(PROJECT_DIR)",
				);
				GCC_PRECOMPILE_PREFIX_HEADER = YES;
				GCC_PREFIX_HEADER = "$(SRCROOT)/HymnLens/Global_Macros.pch";
				HEADER_SEARCH_PATHS = "";
				INFOPLIST_FILE = HymnLens/Info.plist;
				IPHONEOS_DEPLOYMENT_TARGET = 8.0;
				LD_RUNPATH_SEARCH_PATHS = "$(inherited) @executable_path/Frameworks";
				PRODUCT_BUNDLE_IDENTIFIER = chenzhihao.HymnLens;
				PRODUCT_NAME = "$(TARGET_NAME)";
				USER_HEADER_SEARCH_PATHS = "${SRCROOT}/**";
			};
			name = Release;
		};
		10DE32FC1C59C390007AC1D0 /* Debug */ = {
			isa = XCBuildConfiguration;
			buildSettings = {
				BUNDLE_LOADER = "$(TEST_HOST)";
				INFOPLIST_FILE = HymnLensTests/Info.plist;
				LD_RUNPATH_SEARCH_PATHS = "$(inherited) @executable_path/Frameworks @loader_path/Frameworks";
				PRODUCT_BUNDLE_IDENTIFIER = chenzhihao.HymnLensTests;
				PRODUCT_NAME = "$(TARGET_NAME)";
				TEST_HOST = "$(BUILT_PRODUCTS_DIR)/HymnLens.app/HymnLens";
			};
			name = Debug;
		};
		10DE32FD1C59C390007AC1D0 /* Release */ = {
			isa = XCBuildConfiguration;
			buildSettings = {
				BUNDLE_LOADER = "$(TEST_HOST)";
				INFOPLIST_FILE = HymnLensTests/Info.plist;
				LD_RUNPATH_SEARCH_PATHS = "$(inherited) @executable_path/Frameworks @loader_path/Frameworks";
				PRODUCT_BUNDLE_IDENTIFIER = chenzhihao.HymnLensTests;
				PRODUCT_NAME = "$(TARGET_NAME)";
				TEST_HOST = "$(BUILT_PRODUCTS_DIR)/HymnLens.app/HymnLens";
			};
			name = Release;
		};
		10DE32FF1C59C390007AC1D0 /* Debug */ = {
			isa = XCBuildConfiguration;
			buildSettings = {
				INFOPLIST_FILE = HymnLensUITests/Info.plist;
				LD_RUNPATH_SEARCH_PATHS = "$(inherited) @executable_path/Frameworks @loader_path/Frameworks";
				PRODUCT_BUNDLE_IDENTIFIER = chenzhihao.HymnLensUITests;
				PRODUCT_NAME = "$(TARGET_NAME)";
				TEST_TARGET_NAME = HymnLens;
				USES_XCTRUNNER = YES;
			};
			name = Debug;
		};
		10DE33001C59C390007AC1D0 /* Release */ = {
			isa = XCBuildConfiguration;
			buildSettings = {
				INFOPLIST_FILE = HymnLensUITests/Info.plist;
				LD_RUNPATH_SEARCH_PATHS = "$(inherited) @executable_path/Frameworks @loader_path/Frameworks";
				PRODUCT_BUNDLE_IDENTIFIER = chenzhihao.HymnLensUITests;
				PRODUCT_NAME = "$(TARGET_NAME)";
				TEST_TARGET_NAME = HymnLens;
				USES_XCTRUNNER = YES;
			};
			name = Release;
		};
/* End XCBuildConfiguration section */

/* Begin XCConfigurationList section */
		10DE32C61C59C390007AC1D0 /* Build configuration list for PBXProject "HymnLens" */ = {
			isa = XCConfigurationList;
			buildConfigurations = (
				10DE32F61C59C390007AC1D0 /* Debug */,
				10DE32F71C59C390007AC1D0 /* Release */,
			);
			defaultConfigurationIsVisible = 0;
			defaultConfigurationName = Release;
		};
		10DE32F81C59C390007AC1D0 /* Build configuration list for PBXNativeTarget "HymnLens" */ = {
			isa = XCConfigurationList;
			buildConfigurations = (
				10DE32F91C59C390007AC1D0 /* Debug */,
				10DE32FA1C59C390007AC1D0 /* Release */,
			);
			defaultConfigurationIsVisible = 0;
			defaultConfigurationName = Release;
		};
		10DE32FB1C59C390007AC1D0 /* Build configuration list for PBXNativeTarget "HymnLensTests" */ = {
			isa = XCConfigurationList;
			buildConfigurations = (
				10DE32FC1C59C390007AC1D0 /* Debug */,
				10DE32FD1C59C390007AC1D0 /* Release */,
			);
			defaultConfigurationIsVisible = 0;
			defaultConfigurationName = Release;
		};
		10DE32FE1C59C390007AC1D0 /* Build configuration list for PBXNativeTarget "HymnLensUITests" */ = {
			isa = XCConfigurationList;
			buildConfigurations = (
				10DE32FF1C59C390007AC1D0 /* Debug */,
				10DE33001C59C390007AC1D0 /* Release */,
			);
			defaultConfigurationIsVisible = 0;
			defaultConfigurationName = Release;
		};
/* End XCConfigurationList section */
	};
	rootObject = 10DE32C31C59C390007AC1D0 /* Project object */;
}
